
Microsoft Visual Studio Solution File, Format Version 12.00
# Visual Studio Version 17
VisualStudioVersion = 17.2.32630.192
MinimumVisualStudioVersion = 10.0.40219.1
Project("{FAE04EC0-301F-11D3-BF4B-00C04F79EFBC}") = "JWTAPIAuthontication", "JWTAPIAuthontication\JWTAPIAuthontication.csproj", "{C26AD559-E3AE-4377-956D-C02906BD1F6A}"
EndProject
Global
	GlobalSection(SolutionConfigurationPlatforms) = preSolution
		Debug|Any CPU = Debug|Any CPU
		Release|Any CPU = Release|Any CPU
	EndGlobalSection
	GlobalSection(ProjectConfigurationPlatforms) = postSolution
		{C26AD559-E3AE-4377-956D-C02906BD1F6A}.Debug|Any CPU.ActiveCfg = Debug|Any CPU
		{C26AD559-E3AE-4377-956D-C02906BD1F6A}.Debug|Any CPU.Build.0 = Debug|Any CPU
		{C26AD559-E3AE-4377-956D-C02906BD1F6A}.Release|Any CPU.ActiveCfg = Release|Any CPU
		{C26AD559-E3AE-4377-956D-C02906BD1F6A}.Release|Any CPU.Build.0 = Release|Any CPU
	EndGlobalSection
	GlobalSection(SolutionProperties) = preSolution
		HideSolutionNode = FALSE
	EndGlobalSection
	GlobalSection(ExtensibilityGlobals) = postSolution
		SolutionGuid = {177DA6F7-FF01-4C1B-9CBA-18D5B32D0028}
	EndGlobalSection
EndGlobal
